
Microsoft Visual Studio Solution File, Format Version 12.00
# Visual Studio Version 17
VisualStudioVersion = 17.5.33414.496
MinimumVisualStudioVersion = 10.0.40219.1
Project("{FAE04EC0-301F-11D3-BF4B-00C04F79EFBC}") = "Projekt.Android", "Projekt.Android\Projekt.Android.csproj", "{75917DEE-5ADC-4C59-B823-22AEE826DB2A}"
EndProject
Project("{FAE04EC0-301F-11D3-BF4B-00C04F79EFBC}") = "Projekt.iOS", "Projekt.iOS\Projekt.iOS.csproj", "{F9A72A92-ED88-4E28-B27B-57FAD5FAD3ED}"
EndProject
Project("{FAE04EC0-301F-11D3-BF4B-00C04F79EFBC}") = "Projekt", "Projekt\Projekt.csproj", "{83DAB5E9-6145-458A-ABDE-2462FE0C16CC}"
EndProject
Global
	GlobalSection(SolutionConfigurationPlatforms) = preSolution
		Debug|Any CPU = Debug|Any CPU
		Debug|iPhone = Debug|iPhone
		Debug|iPhoneSimulator = Debug|iPhoneSimulator
		Release|Any CPU = Release|Any CPU
		Release|iPhone = Release|iPhone
		Release|iPhoneSimulator = Release|iPhoneSimulator
	EndGlobalSection
	GlobalSection(ProjectConfigurationPlatforms) = postSolution
		{75917DEE-5ADC-4C59-B823-22AEE826DB2A}.Debug|Any CPU.ActiveCfg = Debug|Any CPU
		{75917DEE-5ADC-4C59-B823-22AEE826DB2A}.Debug|Any CPU.Build.0 = Debug|Any CPU
		{75917DEE-5ADC-4C59-B823-22AEE826DB2A}.Debug|Any CPU.Deploy.0 = Debug|Any CPU
		{75917DEE-5ADC-4C59-B823-22AEE826DB2A}.Debug|iPhone.ActiveCfg = Debug|Any CPU
		{75917DEE-5ADC-4C59-B823-22AEE826DB2A}.Debug|iPhone.Build.0 = Debug|Any CPU
		{75917DEE-5ADC-4C59-B823-22AEE826DB2A}.Debug|iPhone.Deploy.0 = Debug|Any CPU
		{75917DEE-5ADC-4C59-B823-22AEE826DB2A}.Debug|iPhoneSimulator.ActiveCfg = Debug|Any CPU
		{75917DEE-5ADC-4C59-B823-22AEE826DB2A}.Debug|iPhoneSimulator.Build.0 = Debug|Any CPU
		{75917DEE-5ADC-4C59-B823-22AEE826DB2A}.Debug|iPhoneSimulator.Deploy.0 = Debug|Any CPU
		{75917DEE-5ADC-4C59-B823-22AEE826DB2A}.Release|Any CPU.ActiveCfg = Release|Any CPU
		{75917DEE-5ADC-4C59-B823-22AEE826DB2A}.Release|Any CPU.Build.0 = Release|Any CPU
		{75917DEE-5ADC-4C59-B823-22AEE826DB2A}.Release|Any CPU.Deploy.0 = Release|Any CPU
		{75917DEE-5ADC-4C59-B823-22AEE826DB2A}.Release|iPhone.ActiveCfg = Release|Any CPU
		{75917DEE-5ADC-4C59-B823-22AEE826DB2A}.Release|iPhone.Build.0 = Release|Any CPU
		{75917DEE-5ADC-4C59-B823-22AEE826DB2A}.Release|iPhone.Deploy.0 = Release|Any CPU
		{75917DEE-5ADC-4C59-B823-22AEE826DB2A}.Release|iPhoneSimulator.ActiveCfg = Release|Any CPU
		{75917DEE-5ADC-4C59-B823-22AEE826DB2A}.Release|iPhoneSimulator.Build.0 = Release|Any CPU
		{75917DEE-5ADC-4C59-B823-22AEE826DB2A}.Release|iPhoneSimulator.Deploy.0 = Release|Any CPU
		{F9A72A92-ED88-4E28-B27B-57FAD5FAD3ED}.Debug|Any CPU.ActiveCfg = Debug|iPhone
		{F9A72A92-ED88-4E28-B27B-57FAD5FAD3ED}.Debug|Any CPU.Build.0 = Debug|iPhone
		{F9A72A92-ED88-4E28-B27B-57FAD5FAD3ED}.Debug|Any CPU.Deploy.0 = Debug|iPhone
		{F9A72A92-ED88-4E28-B27B-57FAD5FAD3ED}.Debug|iPhone.ActiveCfg = Debug|iPhone
		{F9A72A92-ED88-4E28-B27B-57FAD5FAD3ED}.Debug|iPhone.Build.0 = Debug|iPhone
		{F9A72A92-ED88-4E28-B27B-57FAD5FAD3ED}.Debug|iPhone.Deploy.0 = Debug|iPhone
		{F9A72A92-ED88-4E28-B27B-57FAD5FAD3ED}.Debug|iPhoneSimulator.ActiveCfg = Debug|iPhoneSimulator
		{F9A72A92-ED88-4E28-B27B-57FAD5FAD3ED}.Debug|iPhoneSimulator.Build.0 = Debug|iPhoneSimulator
		{F9A72A92-ED88-4E28-B27B-57FAD5FAD3ED}.Debug|iPhoneSimulator.Deploy.0 = Debug|iPhoneSimulator
		{F9A72A92-ED88-4E28-B27B-57FAD5FAD3ED}.Release|Any CPU.ActiveCfg = Release|iPhoneSimulator
		{F9A72A92-ED88-4E28-B27B-57FAD5FAD3ED}.Release|Any CPU.Build.0 = Release|iPhoneSimulator
		{F9A72A92-ED88-4E28-B27B-57FAD5FAD3ED}.Release|Any CPU.Deploy.0 = Release|iPhoneSimulator
		{F9A72A92-ED88-4E28-B27B-57FAD5FAD3ED}.Release|iPhone.ActiveCfg = Release|iPhone
		{F9A72A92-ED88-4E28-B27B-57FAD5FAD3ED}.Release|iPhone.Build.0 = Release|iPhone
		{F9A72A92-ED88-4E28-B27B-57FAD5FAD3ED}.Release|iPhone.Deploy.0 = Release|iPhone
		{F9A72A92-ED88-4E28-B27B-57FAD5FAD3ED}.Release|iPhoneSimulator.ActiveCfg = Release|iPhoneSimulator
		{F9A72A92-ED88-4E28-B27B-57FAD5FAD3ED}.Release|iPhoneSimulator.Build.0 = Release|iPhoneSimulator
		{F9A72A92-ED88-4E28-B27B-57FAD5FAD3ED}.Release|iPhoneSimulator.Deploy.0 = Release|iPhoneSimulator
		{83DAB5E9-6145-458A-ABDE-2462FE0C16CC}.Debug|Any CPU.ActiveCfg = Debug|Any CPU
		{83DAB5E9-6145-458A-ABDE-2462FE0C16CC}.Debug|Any CPU.Build.0 = Debug|Any CPU
		{83DAB5E9-6145-458A-ABDE-2462FE0C16CC}.Debug|Any CPU.Deploy.0 = Debug|Any CPU
		{83DAB5E9-6145-458A-ABDE-2462FE0C16CC}.Debug|iPhone.ActiveCfg = Debug|Any CPU
		{83DAB5E9-6145-458A-ABDE-2462FE0C16CC}.Debug|iPhone.Build.0 = Debug|Any CPU
		{83DAB5E9-6145-458A-ABDE-2462FE0C16CC}.Debug|iPhone.Deploy.0 = Debug|Any CPU
		{83DAB5E9-6145-458A-ABDE-2462FE0C16CC}.Debug|iPhoneSimulator.ActiveCfg = Debug|Any CPU
		{83DAB5E9-6145-458A-ABDE-2462FE0C16CC}.Debug|iPhoneSimulator.Build.0 = Debug|Any CPU
		{83DAB5E9-6145-458A-ABDE-2462FE0C16CC}.Debug|iPhoneSimulator.Deploy.0 = Debug|Any CPU
		{83DAB5E9-6145-458A-ABDE-2462FE0C16CC}.Release|Any CPU.ActiveCfg = Release|Any CPU
		{83DAB5E9-6145-458A-ABDE-2462FE0C16CC}.Release|Any CPU.Build.0 = Release|Any CPU
		{83DAB5E9-6145-458A-ABDE-2462FE0C16CC}.Release|Any CPU.Deploy.0 = Release|Any CPU
		{83DAB5E9-6145-458A-ABDE-2462FE0C16CC}.Release|iPhone.ActiveCfg = Release|Any CPU
		{83DAB5E9-6145-458A-ABDE-2462FE0C16CC}.Release|iPhone.Build.0 = Release|Any CPU
		{83DAB5E9-6145-458A-ABDE-2462FE0C16CC}.Release|iPhone.Deploy.0 = Release|Any CPU
		{83DAB5E9-6145-458A-ABDE-2462FE0C16CC}.Release|iPhoneSimulator.ActiveCfg = Release|Any CPU
		{83DAB5E9-6145-458A-ABDE-2462FE0C16CC}.Release|iPhoneSimulator.Build.0 = Release|Any CPU
		{83DAB5E9-6145-458A-ABDE-2462FE0C16CC}.Release|iPhoneSimulator.Deploy.0 = Release|Any CPU
	EndGlobalSection
	GlobalSection(SolutionProperties) = preSolution
		HideSolutionNode = FALSE
	EndGlobalSection
	GlobalSection(ExtensibilityGlobals) = postSolution
		SolutionGuid = {7643A40D-127E-44A2-9CBB-746BBF51A246}
	EndGlobalSection
EndGlobal
